
Microsoft Visual Studio Solution File, Format Version 12.00
# Visual Studio 2012
Project("{FAE04EC0-301F-11D3-BF4B-00C04F79EFBC}") = "Sp_phase2", "Sp_phase2\Sp_phase2.csproj", "{B6FB6F47-657A-49E2-9998-17EC1C0DF5B2}"
EndProject
Global
	GlobalSection(SolutionConfigurationPlatforms) = preSolution
		Debug|Any CPU = Debug|Any CPU
		Release|Any CPU = Release|Any CPU
	EndGlobalSection
	GlobalSection(ProjectConfigurationPlatforms) = postSolution
		{B6FB6F47-657A-49E2-9998-17EC1C0DF5B2}.Debug|Any CPU.ActiveCfg = Debug|Any CPU
		{B6FB6F47-657A-49E2-9998-17EC1C0DF5B2}.Debug|Any CPU.Build.0 = Debug|Any CPU
		{B6FB6F47-657A-49E2-9998-17EC1C0DF5B2}.Release|Any CPU.ActiveCfg = Release|Any CPU
		{B6FB6F47-657A-49E2-9998-17EC1C0DF5B2}.Release|Any CPU.Build.0 = Release|Any CPU
	EndGlobalSection
	GlobalSection(SolutionProperties) = preSolution
		HideSolutionNode = FALSE
	EndGlobalSection
EndGlobal
